
Microsoft Visual Studio Solution File, Format Version 12.00
Project("{FAE04EC0-301F-11D3-BF4B-00C04F79EFBC}") = "LearnNotesStaff", "LearnNotesStaff\LearnNotesStaff.csproj", "{C80BB9D6-348C-43D9-847F-68C19014B073}"
EndProject
Global
	GlobalSection(SolutionConfigurationPlatforms) = preSolution
		Debug|Any CPU = Debug|Any CPU
		Release|Any CPU = Release|Any CPU
	EndGlobalSection
	GlobalSection(ProjectConfigurationPlatforms) = postSolution
		{C80BB9D6-348C-43D9-847F-68C19014B073}.Debug|Any CPU.ActiveCfg = Debug|Any CPU
		{C80BB9D6-348C-43D9-847F-68C19014B073}.Debug|Any CPU.Build.0 = Debug|Any CPU
		{C80BB9D6-348C-43D9-847F-68C19014B073}.Release|Any CPU.ActiveCfg = Release|Any CPU
		{C80BB9D6-348C-43D9-847F-68C19014B073}.Release|Any CPU.Build.0 = Release|Any CPU
	EndGlobalSection
EndGlobal
